
Microsoft Visual Studio Solution File, Format Version 12.00
# Visual Studio 2013
VisualStudioVersion = 12.0.40629.0
MinimumVisualStudioVersion = 10.0.40219.1
Project("{FAE04EC0-301F-11D3-BF4B-00C04F79EFBC}") = "ADReports", "ADReports\ADReports.csproj", "{1AB046D2-7852-40C7-B807-DE872D9AB82F}"
EndProject
Project("{FAE04EC0-301F-11D3-BF4B-00C04F79EFBC}") = "SimpleExcelImport", "..\..\..\..\SimpleExcelImport\SimpleExcelImport\SimpleExcelImport.csproj", "{B64234A1-5B22-4EB1-8D0F-1EDB67AA8342}"
EndProject
Project("{FAE04EC0-301F-11D3-BF4B-00C04F79EFBC}") = "ADSI", "..\ADSI\ADSI\ADSI.csproj", "{08172131-8B29-4FD6-85B1-F2B3ED9A0286}"
EndProject
Global
	GlobalSection(SolutionConfigurationPlatforms) = preSolution
		Debug|Any CPU = Debug|Any CPU
		Debug|Mixed Platforms = Debug|Mixed Platforms
		Debug|x64 = Debug|x64
		Debug|x86 = Debug|x86
		Release|Any CPU = Release|Any CPU
		Release|Mixed Platforms = Release|Mixed Platforms
		Release|x64 = Release|x64
		Release|x86 = Release|x86
	EndGlobalSection
	GlobalSection(ProjectConfigurationPlatforms) = postSolution
		{1AB046D2-7852-40C7-B807-DE872D9AB82F}.Debug|Any CPU.ActiveCfg = Debug|Any CPU
		{1AB046D2-7852-40C7-B807-DE872D9AB82F}.Debug|Any CPU.Build.0 = Debug|Any CPU
		{1AB046D2-7852-40C7-B807-DE872D9AB82F}.Debug|Mixed Platforms.ActiveCfg = Debug|x86
		{1AB046D2-7852-40C7-B807-DE872D9AB82F}.Debug|Mixed Platforms.Build.0 = Debug|x86
		{1AB046D2-7852-40C7-B807-DE872D9AB82F}.Debug|x64.ActiveCfg = Debug|x64
		{1AB046D2-7852-40C7-B807-DE872D9AB82F}.Debug|x64.Build.0 = Debug|x64
		{1AB046D2-7852-40C7-B807-DE872D9AB82F}.Debug|x86.ActiveCfg = Debug|x86
		{1AB046D2-7852-40C7-B807-DE872D9AB82F}.Debug|x86.Build.0 = Debug|x86
		{1AB046D2-7852-40C7-B807-DE872D9AB82F}.Release|Any CPU.ActiveCfg = Release|Any CPU
		{1AB046D2-7852-40C7-B807-DE872D9AB82F}.Release|Any CPU.Build.0 = Release|Any CPU
		{1AB046D2-7852-40C7-B807-DE872D9AB82F}.Release|Mixed Platforms.ActiveCfg = Release|x86
		{1AB046D2-7852-40C7-B807-DE872D9AB82F}.Release|Mixed Platforms.Build.0 = Release|x86
		{1AB046D2-7852-40C7-B807-DE872D9AB82F}.Release|x64.ActiveCfg = Release|x64
		{1AB046D2-7852-40C7-B807-DE872D9AB82F}.Release|x64.Build.0 = Release|x64
		{1AB046D2-7852-40C7-B807-DE872D9AB82F}.Release|x86.ActiveCfg = Release|x86
		{1AB046D2-7852-40C7-B807-DE872D9AB82F}.Release|x86.Build.0 = Release|x86
		{B64234A1-5B22-4EB1-8D0F-1EDB67AA8342}.Debug|Any CPU.ActiveCfg = Debug|Any CPU
		{B64234A1-5B22-4EB1-8D0F-1EDB67AA8342}.Debug|Any CPU.Build.0 = Debug|Any CPU
		{B64234A1-5B22-4EB1-8D0F-1EDB67AA8342}.Debug|Mixed Platforms.ActiveCfg = Debug|x86
		{B64234A1-5B22-4EB1-8D0F-1EDB67AA8342}.Debug|Mixed Platforms.Build.0 = Debug|x86
		{B64234A1-5B22-4EB1-8D0F-1EDB67AA8342}.Debug|x64.ActiveCfg = Debug|x64
		{B64234A1-5B22-4EB1-8D0F-1EDB67AA8342}.Debug|x64.Build.0 = Debug|x64
		{B64234A1-5B22-4EB1-8D0F-1EDB67AA8342}.Debug|x86.ActiveCfg = Debug|x86
		{B64234A1-5B22-4EB1-8D0F-1EDB67AA8342}.Debug|x86.Build.0 = Debug|x86
		{B64234A1-5B22-4EB1-8D0F-1EDB67AA8342}.Release|Any CPU.ActiveCfg = Release|Any CPU
		{B64234A1-5B22-4EB1-8D0F-1EDB67AA8342}.Release|Any CPU.Build.0 = Release|Any CPU
		{B64234A1-5B22-4EB1-8D0F-1EDB67AA8342}.Release|Mixed Platforms.ActiveCfg = Release|x86
		{B64234A1-5B22-4EB1-8D0F-1EDB67AA8342}.Release|Mixed Platforms.Build.0 = Release|x86
		{B64234A1-5B22-4EB1-8D0F-1EDB67AA8342}.Release|x64.ActiveCfg = Release|x64
		{B64234A1-5B22-4EB1-8D0F-1EDB67AA8342}.Release|x64.Build.0 = Release|x64
		{B64234A1-5B22-4EB1-8D0F-1EDB67AA8342}.Release|x86.ActiveCfg = Release|x86
		{B64234A1-5B22-4EB1-8D0F-1EDB67AA8342}.Release|x86.Build.0 = Release|x86
		{08172131-8B29-4FD6-85B1-F2B3ED9A0286}.Debug|Any CPU.ActiveCfg = Debug|Any CPU
		{08172131-8B29-4FD6-85B1-F2B3ED9A0286}.Debug|Any CPU.Build.0 = Debug|Any CPU
		{08172131-8B29-4FD6-85B1-F2B3ED9A0286}.Debug|Mixed Platforms.ActiveCfg = Debug|Any CPU
		{08172131-8B29-4FD6-85B1-F2B3ED9A0286}.Debug|Mixed Platforms.Build.0 = Debug|Any CPU
		{08172131-8B29-4FD6-85B1-F2B3ED9A0286}.Debug|x64.ActiveCfg = Debug|Any CPU
		{08172131-8B29-4FD6-85B1-F2B3ED9A0286}.Debug|x86.ActiveCfg = Debug|Any CPU
		{08172131-8B29-4FD6-85B1-F2B3ED9A0286}.Release|Any CPU.ActiveCfg = Release|Any CPU
		{08172131-8B29-4FD6-85B1-F2B3ED9A0286}.Release|Any CPU.Build.0 = Release|Any CPU
		{08172131-8B29-4FD6-85B1-F2B3ED9A0286}.Release|Mixed Platforms.ActiveCfg = Release|Any CPU
		{08172131-8B29-4FD6-85B1-F2B3ED9A0286}.Release|Mixed Platforms.Build.0 = Release|Any CPU
		{08172131-8B29-4FD6-85B1-F2B3ED9A0286}.Release|x64.ActiveCfg = Release|Any CPU
		{08172131-8B29-4FD6-85B1-F2B3ED9A0286}.Release|x86.ActiveCfg = Release|Any CPU
	EndGlobalSection
	GlobalSection(SolutionProperties) = preSolution
		HideSolutionNode = FALSE
	EndGlobalSection
EndGlobal
